// !$*UTF8*$!
{
	archiveVersion = 1;
	classes = {
	};
	objectVersion = 46;
	objects = {

/* Begin PBXBuildFile section */
		10802B151EF3E27200C7ABA9 /* AppDelegate.swift in Sources */ = {isa = PBXBuildFile; fileRef = 10802B141EF3E27200C7ABA9 /* AppDelegate.swift */; };
		10802B171EF3E27200C7ABA9 /* ViewController.swift in Sources */ = {isa = PBXBuildFile; fileRef = 10802B161EF3E27200C7ABA9 /* ViewController.swift */; };
		10802B191EF3E27200C7ABA9 /* Assets.xcassets in Resources */ = {isa = PBXBuildFile; fileRef = 10802B181EF3E27200C7ABA9 /* Assets.xcassets */; };
		10802B1C1EF3E27200C7ABA9 /* Main.storyboard in Resources */ = {isa = PBXBuildFile; fileRef = 10802B1A1EF3E27200C7ABA9 /* Main.storyboard */; };
		10802B271EF3E27200C7ABA9 /* Xcode8GitExampleTests.swift in Sources */ = {isa = PBXBuildFile; fileRef = 10802B261EF3E27200C7ABA9 /* Xcode8GitExampleTests.swift */; };
		10802B321EF3E27200C7ABA9 /* Xcode8GitExampleUITests.swift in Sources */ = {isa = PBXBuildFile; fileRef = 10802B311EF3E27200C7ABA9 /* Xcode8GitExampleUITests.swift */; };
/* End PBXBuildFile section */

/* Begin PBXContainerItemProxy section */
		10802B231EF3E27200C7ABA9 /* PBXContainerItemProxy */ = {
			isa = PBXContainerItemProxy;
			containerPortal = 10802B091EF3E27200C7ABA9 /* Project object */;
			proxyType = 1;
			remoteGlobalIDString = 10802B101EF3E27200C7ABA9;
			remoteInfo = Xcode8GitExample;
		};
		10802B2E1EF3E27200C7ABA9 /* PBXContainerItemProxy */ = {
			isa = PBXContainerItemProxy;
			containerPortal = 10802B091EF3E27200C7ABA9 /* Project object */;
			proxyType = 1;
			remoteGlobalIDString = 10802B101EF3E27200C7ABA9;
			remoteInfo = Xcode8GitExample;
		};
/* End PBXContainerItemProxy section */

/* Begin PBXFileReference section */
		10802B111EF3E27200C7ABA9 /* Xcode8GitExample.app */ = {isa = PBXFileReference; explicitFileType = wrapper.application; includeInIndex = 0; path = Xcode8GitExample.app; sourceTree = BUILT_PRODUCTS_DIR; };
		10802B141EF3E27200C7ABA9 /* AppDelegate.swift */ = {isa = PBXFileReference; lastKnownFileType = sourcecode.swift; path = AppDelegate.swift; sourceTree = "<group>"; };
		10802B161EF3E27200C7ABA9 /* ViewController.swift */ = {isa = PBXFileReference; lastKnownFileType = sourcecode.swift; path = ViewController.swift; sourceTree = "<group>"; };
		10802B181EF3E27200C7ABA9 /* Assets.xcassets */ = {isa = PBXFileReference; lastKnownFileType = folder.assetcatalog; path = Assets.xcassets; sourceTree = "<group>"; };
		10802B1B1EF3E27200C7ABA9 /* Base */ = {isa = PBXFileReference; lastKnownFileType = file.storyboard; name = Base; path = Base.lproj/Main.storyboard; sourceTree = "<group>"; };
		10802B1D1EF3E27200C7ABA9 /* Info.plist */ = {isa = PBXFileReference; lastKnownFileType = text.plist.xml; path = Info.plist; sourceTree = "<group>"; };
		10802B221EF3E27200C7ABA9 /* Xcode8GitExampleTests.xctest */ = {isa = PBXFileReference; explicitFileType = wrapper.cfbundle; includeInIndex = 0; path = Xcode8GitExampleTests.xctest; sourceTree = BUILT_PRODUCTS_DIR; };
		10802B261EF3E27200C7ABA9 /* Xcode8GitExampleTests.swift */ = {isa = PBXFileReference; lastKnownFileType = sourcecode.swift; path = Xcode8GitExampleTests.swift; sourceTree = "<group>"; };
		10802B281EF3E27200C7ABA9 /* Info.plist */ = {isa = PBXFileReference; lastKnownFileType = text.plist.xml; path = Info.plist; sourceTree = "<group>"; };
		10802B2D1EF3E27200C7ABA9 /* Xcode8GitExampleUITests.xctest */ = {isa = PBXFileReference; explicitFileType = wrapper.cfbundle; includeInIndex = 0; path = Xcode8GitExampleUITests.xctest; sourceTree = BUILT_PRODUCTS_DIR; };
		10802B311EF3E27200C7ABA9 /* Xcode8GitExampleUITests.swift */ = {isa = PBXFileReference; lastKnownFileType = sourcecode.swift; path = Xcode8GitExampleUITests.swift; sourceTree = "<group>"; };
		10802B331EF3E27200C7ABA9 /* Info.plist */ = {isa = PBXFileReference; lastKnownFileType = text.plist.xml; path = Info.plist; sourceTree = "<group>"; };
/* End PBXFileReference section */

/* Begin PBXFrameworksBuildPhase section */
		10802B0E1EF3E27200C7ABA9 /* Frameworks */ = {
			isa = PBXFrameworksBuildPhase;
			buildActionMask = 2147483647;
			files = (
			);
			runOnlyForDeploymentPostprocessing = 0;
		};
		10802B1F1EF3E27200C7ABA9 /* Frameworks */ = {
			isa = PBXFrameworksBuildPhase;
			buildActionMask = 2147483647;
			files = (
			);
			runOnlyForDeploymentPostprocessing = 0;
		};
		10802B2A1EF3E27200C7ABA9 /* Frameworks */ = {
			isa = PBXFrameworksBuildPhase;
			buildActionMask = 2147483647;
			files = (
			);
			runOnlyForDeploymentPostprocessing = 0;
		};
/* End PBXFrameworksBuildPhase section */

/* Begin PBXGroup section */
		10802B081EF3E27100C7ABA9 = {
			isa = PBXGroup;
			children = (
				10802B131EF3E27200C7ABA9 /* Xcode8GitExample */,
				10802B251EF3E27200C7ABA9 /* Xcode8GitExampleTests */,
				10802B301EF3E27200C7ABA9 /* Xcode8GitExampleUITests */,
				10802B121EF3E27200C7ABA9 /* Products */,
			);
			sourceTree = "<group>";
		};
		10802B121EF3E27200C7ABA9 /* Products */ = {
			isa = PBXGroup;
			children = (
				10802B111EF3E27200C7ABA9 /* Xcode8GitExample.app */,
				10802B221EF3E27200C7ABA9 /* Xcode8GitExampleTests.xctest */,
				10802B2D1EF3E27200C7ABA9 /* Xcode8GitExampleUITests.xctest */,
			);
			name = Products;
			sourceTree = "<group>";
		};
		10802B131EF3E27200C7ABA9 /* Xcode8GitExample */ = {
			isa = PBXGroup;
			children = (
				10802B141EF3E27200C7ABA9 /* AppDelegate.swift */,
				10802B161EF3E27200C7ABA9 /* ViewController.swift */,
				10802B181EF3E27200C7ABA9 /* Assets.xcassets */,
				10802B1A1EF3E27200C7ABA9 /* Main.storyboard */,
				10802B1D1EF3E27200C7ABA9 /* Info.plist */,
			);
			path = Xcode8GitExample;
			sourceTree = "<group>";
		};
		10802B251EF3E27200C7ABA9 /* Xcode8GitExampleTests */ = {
			isa = PBXGroup;
			children = (
				10802B261EF3E27200C7ABA9 /* Xcode8GitExampleTests.swift */,
				10802B281EF3E27200C7ABA9 /* Info.plist */,
			);
			path = Xcode8GitExampleTests;
			sourceTree = "<group>";
		};
		10802B301EF3E27200C7ABA9 /* Xcode8GitExampleUITests */ = {
			isa = PBXGroup;
			children = (
				10802B311EF3E27200C7ABA9 /* Xcode8GitExampleUITests.swift */,
				10802B331EF3E27200C7ABA9 /* Info.plist */,
			);
			path = Xcode8GitExampleUITests;
			sourceTree = "<group>";
		};
/* End PBXGroup section */

/* Begin PBXNativeTarget section */
		10802B101EF3E27200C7ABA9 /* Xcode8GitExample */ = {
			isa = PBXNativeTarget;
			buildConfigurationList = 10802B361EF3E27200C7ABA9 /* Build configuration list for PBXNativeTarget "Xcode8GitExample" */;
			buildPhases = (
				10802B0D1EF3E27200C7ABA9 /* Sources */,
				10802B0E1EF3E27200C7ABA9 /* Frameworks */,
				10802B0F1EF3E27200C7ABA9 /* Resources */,
			);
			buildRules = (
			);
			dependencies = (
			);
			name = Xcode8GitExample;
			productName = Xcode8GitExample;
			productReference = 10802B111EF3E27200C7ABA9 /* Xcode8GitExample.app */;
			productType = "com.apple.product-type.application";
		};
		10802B211EF3E27200C7ABA9 /* Xcode8GitExampleTests */ = {
			isa = PBXNativeTarget;
			buildConfigurationList = 10802B391EF3E27200C7ABA9 /* Build configuration list for PBXNativeTarget "Xcode8GitExampleTests" */;
			buildPhases = (
				10802B1E1EF3E27200C7ABA9 /* Sources */,
				10802B1F1EF3E27200C7ABA9 /* Frameworks */,
				10802B201EF3E27200C7ABA9 /* Resources */,
			);
			buildRules = (
			);
			dependencies = (
				10802B241EF3E27200C7ABA9 /* PBXTargetDependency */,
			);
			name = Xcode8GitExampleTests;
			productName = Xcode8GitExampleTests;
			productReference = 10802B221EF3E27200C7ABA9 /* Xcode8GitExampleTests.xctest */;
			productType = "com.apple.product-type.bundle.unit-test";
		};
		10802B2C1EF3E27200C7ABA9 /* Xcode8GitExampleUITests */ = {
			isa = PBXNativeTarget;
			buildConfigurationList = 10802B3C1EF3E27200C7ABA9 /* Build configuration list for PBXNativeTarget "Xcode8GitExampleUITests" */;
			buildPhases = (
				10802B291EF3E27200C7ABA9 /* Sources */,
				10802B2A1EF3E27200C7ABA9 /* Frameworks */,
				10802B2B1EF3E27200C7ABA9 /* Resources */,
			);
			buildRules = (
			);
			dependencies = (
				10802B2F1EF3E27200C7ABA9 /* PBXTargetDependency */,
			);
			name = Xcode8GitExampleUITests;
			productName = Xcode8GitExampleUITests;
			productReference = 10802B2D1EF3E27200C7ABA9 /* Xcode8GitExampleUITests.xctest */;
			productType = "com.apple.product-type.bundle.ui-testing";
		};
/* End PBXNativeTarget section */

/* Begin PBXProject section */
		10802B091EF3E27200C7ABA9 /* Project object */ = {
			isa = PBXProject;
			attributes = {
				LastSwiftUpdateCheck = 0820;
				LastUpgradeCheck = 0820;
				ORGANIZATIONNAME = "Sunil Narwal";
				TargetAttributes = {
					10802B101EF3E27200C7ABA9 = {
						CreatedOnToolsVersion = 8.2.1;
						ProvisioningStyle = Automatic;
					};
					10802B211EF3E27200C7ABA9 = {
						CreatedOnToolsVersion = 8.2.1;
						ProvisioningStyle = Automatic;
						TestTargetID = 10802B101EF3E27200C7ABA9;
					};
					10802B2C1EF3E27200C7ABA9 = {
						CreatedOnToolsVersion = 8.2.1;
						ProvisioningStyle = Automatic;
						TestTargetID = 10802B101EF3E27200C7ABA9;
					};
				};
			};
			buildConfigurationList = 10802B0C1EF3E27200C7ABA9 /* Build configuration list for PBXProject "Xcode8GitExample" */;
			compatibilityVersion = "Xcode 3.2";
			developmentRegion = English;
			hasScannedForEncodings = 0;
			knownRegions = (
				en,
				Base,
			);
			mainGroup = 10802B081EF3E27100C7ABA9;
			productRefGroup = 10802B121EF3E27200C7ABA9 /* Products */;
			projectDirPath = "";
			projectRoot = "";
			targets = (
				10802B101EF3E27200C7ABA9 /* Xcode8GitExample */,
				10802B211EF3E27200C7ABA9 /* Xcode8GitExampleTests */,
				10802B2C1EF3E27200C7ABA9 /* Xcode8GitExampleUITests */,
			);
		};
/* End PBXProject section */

/* Begin PBXResourcesBuildPhase section */
		10802B0F1EF3E27200C7ABA9 /* Resources */ = {
			isa = PBXResourcesBuildPhase;
			buildActionMask = 2147483647;
			files = (
				10802B191EF3E27200C7ABA9 /* Assets.xcassets in Resources */,
				10802B1C1EF3E27200C7ABA9 /* Main.storyboard in Resources */,
			);
			runOnlyForDeploymentPostprocessing = 0;
		};
		10802B201EF3E27200C7ABA9 /* Resources */ = {
			isa = PBXResourcesBuildPhase;
			buildActionMask = 2147483647;
			files = (
			);
			runOnlyForDeploymentPostprocessing = 0;
		};
		10802B2B1EF3E27200C7ABA9 /* Resources */ = {
			isa = PBXResourcesBuildPhase;
			buildActionMask = 2147483647;
			files = (
			);
			runOnlyForDeploymentPostprocessing = 0;
		};
/* End PBXResourcesBuildPhase section */

/* Begin PBXSourcesBuildPhase section */
		10802B0D1EF3E27200C7ABA9 /* Sources */ = {
			isa = PBXSourcesBuildPhase;
			buildActionMask = 2147483647;
			files = (
				10802B171EF3E27200C7ABA9 /* ViewController.swift in Sources */,
				10802B151EF3E27200C7ABA9 /* AppDelegate.swift in Sources */,
			);
			runOnlyForDeploymentPostprocessing = 0;
		};
		10802B1E1EF3E27200C7ABA9 /* Sources */ = {
			isa = PBXSourcesBuildPhase;
			buildActionMask = 2147483647;
			files = (
				10802B271EF3E27200C7ABA9 /* Xcode8GitExampleTests.swift in Sources */,
			);
			runOnlyForDeploymentPostprocessing = 0;
		};
		10802B291EF3E27200C7ABA9 /* Sources */ = {
			isa = PBXSourcesBuildPhase;
			buildActionMask = 2147483647;
			files = (
				10802B321EF3E27200C7ABA9 /* Xcode8GitExampleUITests.swift in Sources */,
			);
			runOnlyForDeploymentPostprocessing = 0;
		};
/* End PBXSourcesBuildPhase section */

/* Begin PBXTargetDependency section */
		10802B241EF3E27200C7ABA9 /* PBXTargetDependency */ = {
			isa = PBXTargetDependency;
			target = 10802B101EF3E27200C7ABA9 /* Xcode8GitExample */;
			targetProxy = 10802B231EF3E27200C7ABA9 /* PBXContainerItemProxy */;
		};
		10802B2F1EF3E27200C7ABA9 /* PBXTargetDependency */ = {
			isa = PBXTargetDependency;
			target = 10802B101EF3E27200C7ABA9 /* Xcode8GitExample */;
			targetProxy = 10802B2E1EF3E27200C7ABA9 /* PBXContainerItemProxy */;
		};
/* End PBXTargetDependency section */

/* Begin PBXVariantGroup section */
		10802B1A1EF3E27200C7ABA9 /* Main.storyboard */ = {
			isa = PBXVariantGroup;
			children = (
				10802B1B1EF3E27200C7ABA9 /* Base */,
			);
			name = Main.storyboard;
			sourceTree = "<group>";
		};
/* End PBXVariantGroup section */

/* Begin XCBuildConfiguration section */
		10802B341EF3E27200C7ABA9 /* Debug */ = {
			isa = XCBuildConfiguration;
			buildSettings = {
				ALWAYS_SEARCH_USER_PATHS = NO;
				CLANG_ANALYZER_NONNULL = YES;
				CLANG_CXX_LANGUAGE_STANDARD = "gnu++0x";
				CLANG_CXX_LIBRARY = "libc++";
				CLANG_ENABLE_MODULES = YES;
				CLANG_ENABLE_OBJC_ARC = YES;
				CLANG_WARN_BOOL_CONVERSION = YES;
				CLANG_WARN_CONSTANT_CONVERSION = YES;
				CLANG_WARN_DIRECT_OBJC_ISA_USAGE = YES_ERROR;
				CLANG_WARN_DOCUMENTATION_COMMENTS = YES;
				CLANG_WARN_EMPTY_BODY = YES;
				CLANG_WARN_ENUM_CONVERSION = YES;
				CLANG_WARN_INFINITE_RECURSION = YES;
				CLANG_WARN_INT_CONVERSION = YES;
				CLANG_WARN_OBJC_ROOT_CLASS = YES_ERROR;
				CLANG_WARN_SUSPICIOUS_MOVE = YES;
				CLANG_WARN_UNREACHABLE_CODE = YES;
				CLANG_WARN__DUPLICATE_METHOD_MATCH = YES;
				CODE_SIGN_IDENTITY = "-";
				COPY_PHASE_STRIP = NO;
				DEBUG_INFORMATION_FORMAT = dwarf;
				ENABLE_STRICT_OBJC_MSGSEND = YES;
				ENABLE_TESTABILITY = YES;
				GCC_C_LANGUAGE_STANDARD = gnu99;
				GCC_DYNAMIC_NO_PIC = NO;
				GCC_NO_COMMON_BLOCKS = YES;
				GCC_OPTIMIZATION_LEVEL = 0;
				GCC_PREPROCESSOR_DEFINITIONS = (
					"DEBUG=1",
					"$(inherited)",
				);
				GCC_WARN_64_TO_32_BIT_CONVERSION = YES;
				GCC_WARN_ABOUT_RETURN_TYPE = YES_ERROR;
				GCC_WARN_UNDECLARED_SELECTOR = YES;
				GCC_WARN_UNINITIALIZED_AUTOS = YES_AGGRESSIVE;
				GCC_WARN_UNUSED_FUNCTION = YES;
				GCC_WARN_UNUSED_VARIABLE = YES;
				MACOSX_DEPLOYMENT_TARGET = 10.12;
				MTL_ENABLE_DEBUG_INFO = YES;
				ONLY_ACTIVE_ARCH = YES;
				SDKROOT = macosx;
				SWIFT_ACTIVE_COMPILATION_CONDITIONS = DEBUG;
				SWIFT_OPTIMIZATION_LEVEL = "-Onone";
			};
			name = Debug;
		};
		10802B351EF3E27200C7ABA9 /* Release */ = {
			isa = XCBuildConfiguration;
			buildSettings = {
				ALWAYS_SEARCH_USER_PATHS = NO;
				CLANG_ANALYZER_NONNULL = YES;
				CLANG_CXX_LANGUAGE_STANDARD = "gnu++0x";
				CLANG_CXX_LIBRARY = "libc++";
				CLANG_ENABLE_MODULES = YES;
				CLANG_ENABLE_OBJC_ARC = YES;
				CLANG_WARN_BOOL_CONVERSION = YES;
				CLANG_WARN_CONSTANT_CONVERSION = YES;
				CLANG_WARN_DIRECT_OBJC_ISA_USAGE = YES_ERROR;
				CLANG_WARN_DOCUMENTATION_COMMENTS = YES;
				CLANG_WARN_EMPTY_BODY = YES;
				CLANG_WARN_ENUM_CONVERSION = YES;
				CLANG_WARN_INFINITE_RECURSION = YES;
				CLANG_WARN_INT_CONVERSION = YES;
				CLANG_WARN_OBJC_ROOT_CLASS = YES_ERROR;
				CLANG_WARN_SUSPICIOUS_MOVE = YES;
				CLANG_WARN_UNREACHABLE_CODE = YES;
				CLANG_WARN__DUPLICATE_METHOD_MATCH = YES;
				CODE_SIGN_IDENTITY = "-";
				COPY_PHASE_STRIP = NO;
				DEBUG_INFORMATION_FORMAT = "dwarf-with-dsym";
				ENABLE_NS_ASSERTIONS = NO;
				ENABLE_STRICT_OBJC_MSGSEND = YES;
				GCC_C_LANGUAGE_STANDARD = gnu99;
				GCC_NO_COMMON_BLOCKS = YES;
				GCC_WARN_64_TO_32_BIT_CONVERSION = YES;
				GCC_WARN_ABOUT_RETURN_TYPE = YES_ERROR;
				GCC_WARN_UNDECLARED_SELECTOR = YES;
				GCC_WARN_UNINITIALIZED_AUTOS = YES_AGGRESSIVE;
				GCC_WARN_UNUSED_FUNCTION = YES;
				GCC_WARN_UNUSED_VARIABLE = YES;
				MACOSX_DEPLOYMENT_TARGET = 10.12;
				MTL_ENABLE_DEBUG_INFO = NO;
				SDKROOT = macosx;
				SWIFT_OPTIMIZATION_LEVEL = "-Owholemodule";
			};
			name = Release;
		};
		10802B371EF3E27200C7ABA9 /* Debug */ = {
			isa = XCBuildConfiguration;
			buildSettings = {
				ASSETCATALOG_COMPILER_APPICON_NAME = AppIcon;
				COMBINE_HIDPI_IMAGES = YES;
				INFOPLIST_FILE = Xcode8GitExample/Info.plist;
				LD_RUNPATH_SEARCH_PATHS = "$(inherited) @executable_path/../Frameworks";
				PRODUCT_BUNDLE_IDENTIFIER = mavis.Xcode8GitExample;
				PRODUCT_NAME = "$(TARGET_NAME)";
				SWIFT_VERSION = 3.0;
			};
			name = Debug;
		};
		10802B381EF3E27200C7ABA9 /* Release */ = {
			isa = XCBuildConfiguration;
			buildSettings = {
				ASSETCATALOG_COMPILER_APPICON_NAME = AppIcon;
				COMBINE_HIDPI_IMAGES = YES;
				INFOPLIST_FILE = Xcode8GitExample/Info.plist;
				LD_RUNPATH_SEARCH_PATHS = "$(inherited) @executable_path/../Frameworks";
				PRODUCT_BUNDLE_IDENTIFIER = mavis.Xcode8GitExample;
				PRODUCT_NAME = "$(TARGET_NAME)";
				SWIFT_VERSION = 3.0;
			};
			name = Release;
		};
		10802B3A1EF3E27200C7ABA9 /* Debug */ = {
			isa = XCBuildConfiguration;
			buildSettings = {
				ALWAYS_EMBED_SWIFT_STANDARD_LIBRARIES = YES;
				BUNDLE_LOADER = "$(TEST_HOST)";
				COMBINE_HIDPI_IMAGES = YES;
				INFOPLIST_FILE = Xcode8GitExampleTests/Info.plist;
				LD_RUNPATH_SEARCH_PATHS = "$(inherited) @executable_path/../Frameworks @loader_path/../Frameworks";
				PRODUCT_BUNDLE_IDENTIFIER = mavis.Xcode8GitExampleTests;
				PRODUCT_NAME = "$(TARGET_NAME)";
				SWIFT_VERSION = 3.0;
				TEST_HOST = "$(BUILT_PRODUCTS_DIR)/Xcode8GitExample.app/Contents/MacOS/Xcode8GitExample";
			};
			name = Debug;
		};
		10802B3B1EF3E27200C7ABA9 /* Release */ = {
			isa = XCBuildConfiguration;
			buildSettings = {
				ALWAYS_EMBED_SWIFT_STANDARD_LIBRARIES = YES;
				BUNDLE_LOADER = "$(TEST_HOST)";
				COMBINE_HIDPI_IMAGES = YES;
				INFOPLIST_FILE = Xcode8GitExampleTests/Info.plist;
				LD_RUNPATH_SEARCH_PATHS = "$(inherited) @executable_path/../Frameworks @loader_path/../Frameworks";
				PRODUCT_BUNDLE_IDENTIFIER = mavis.Xcode8GitExampleTests;
				PRODUCT_NAME = "$(TARGET_NAME)";
				SWIFT_VERSION = 3.0;
				TEST_HOST = "$(BUILT_PRODUCTS_DIR)/Xcode8GitExample.app/Contents/MacOS/Xcode8GitExample";
			};
			name = Release;
		};
		10802B3D1EF3E27200C7ABA9 /* Debug */ = {
			isa = XCBuildConfiguration;
			buildSettings = {
				ALWAYS_EMBED_SWIFT_STANDARD_LIBRARIES = YES;
				COMBINE_HIDPI_IMAGES = YES;
				INFOPLIST_FILE = Xcode8GitExampleUITests/Info.plist;
				LD_RUNPATH_SEARCH_PATHS = "$(inherited) @executable_path/../Frameworks @loader_path/../Frameworks";
				PRODUCT_BUNDLE_IDENTIFIER = mavis.Xcode8GitExampleUITests;
				PRODUCT_NAME = "$(TARGET_NAME)";
				SWIFT_VERSION = 3.0;
				TEST_TARGET_NAME = Xcode8GitExample;
			};
			name = Debug;
		};
		10802B3E1EF3E27200C7ABA9 /* Release */ = {
			isa = XCBuildConfiguration;
			buildSettings = {
				ALWAYS_EMBED_SWIFT_STANDARD_LIBRARIES = YES;
				COMBINE_HIDPI_IMAGES = YES;
				INFOPLIST_FILE = Xcode8GitExampleUITests/Info.plist;
				LD_RUNPATH_SEARCH_PATHS = "$(inherited) @executable_path/../Frameworks @loader_path/../Frameworks";
				PRODUCT_BUNDLE_IDENTIFIER = mavis.Xcode8GitExampleUITests;
				PRODUCT_NAME = "$(TARGET_NAME)";
				SWIFT_VERSION = 3.0;
				TEST_TARGET_NAME = Xcode8GitExample;
			};
			name = Release;
		};
/* End XCBuildConfiguration section */

/* Begin XCConfigurationList section */
		10802B0C1EF3E27200C7ABA9 /* Build configuration list for PBXProject "Xcode8GitExample" */ = {
			isa = XCConfigurationList;
			buildConfigurations = (
				10802B341EF3E27200C7ABA9 /* Debug */,
				10802B351EF3E27200C7ABA9 /* Release */,
			);
			defaultConfigurationIsVisible = 0;
			defaultConfigurationName = Release;
		};
		10802B361EF3E27200C7ABA9 /* Build configuration list for PBXNativeTarget "Xcode8GitExample" */ = {
			isa = XCConfigurationList;
			buildConfigurations = (
				10802B371EF3E27200C7ABA9 /* Debug */,
				10802B381EF3E27200C7ABA9 /* Release */,
			);
			defaultConfigurationIsVisible = 0;
		};
		10802B391EF3E27200C7ABA9 /* Build configuration list for PBXNativeTarget "Xcode8GitExampleTests" */ = {
			isa = XCConfigurationList;
			buildConfigurations = (
				10802B3A1EF3E27200C7ABA9 /* Debug */,
				10802B3B1EF3E27200C7ABA9 /* Release */,
			);
			defaultConfigurationIsVisible = 0;
		};
		10802B3C1EF3E27200C7ABA9 /* Build configuration list for PBXNativeTarget "Xcode8GitExampleUITests" */ = {
			isa = XCConfigurationList;
			buildConfigurations = (
				10802B3D1EF3E27200C7ABA9 /* Debug */,
				10802B3E1EF3E27200C7ABA9 /* Release */,
			);
			defaultConfigurationIsVisible = 0;
		};
/* End XCConfigurationList section */
	};
	rootObject = 10802B091EF3E27200C7ABA9 /* Project object */;
}
